
Microsoft Visual Studio Solution File, Format Version 12.00
# Visual Studio 15
VisualStudioVersion = 15.0.26730.10
MinimumVisualStudioVersion = 10.0.40219.1
Project("{FAE04EC0-301F-11D3-BF4B-00C04F79EFBC}") = "ATM", "PrintDataFromDLL\ATM.csproj", "{D3779D70-41B3-447E-8B0F-859EBFFE9762}"
EndProject
Project("{FAE04EC0-301F-11D3-BF4B-00C04F79EFBC}") = "ATMRefactored", "ATMRefactored\ATMRefactored.csproj", "{B4CE5C46-BFDD-4D14-AFD9-5859EE5D613F}"
EndProject
Project("{FAE04EC0-301F-11D3-BF4B-00C04F79EFBC}") = "ATMRefactored.Tests.Unit", "ATMRefactored.Tests.Unit\ATMRefactored.Tests.Unit.csproj", "{9AB1203E-A4C2-4B26-BF65-3A62C507E9C6}"
EndProject
Project("{FAE04EC0-301F-11D3-BF4B-00C04F79EFBC}") = "ATMRefactored.Tests.Integration", "ATMRefactored.Tests.Integration\ATMRefactored.Tests.Integration.csproj", "{5752D210-4D24-4724-AE1A-FDD08CD9AC97}"
EndProject
Global
	GlobalSection(SolutionConfigurationPlatforms) = preSolution
		Debug|Any CPU = Debug|Any CPU
		Release|Any CPU = Release|Any CPU
	EndGlobalSection
	GlobalSection(ProjectConfigurationPlatforms) = postSolution
		{D3779D70-41B3-447E-8B0F-859EBFFE9762}.Debug|Any CPU.ActiveCfg = Debug|Any CPU
		{D3779D70-41B3-447E-8B0F-859EBFFE9762}.Debug|Any CPU.Build.0 = Debug|Any CPU
		{D3779D70-41B3-447E-8B0F-859EBFFE9762}.Release|Any CPU.ActiveCfg = Release|Any CPU
		{D3779D70-41B3-447E-8B0F-859EBFFE9762}.Release|Any CPU.Build.0 = Release|Any CPU
		{B4CE5C46-BFDD-4D14-AFD9-5859EE5D613F}.Debug|Any CPU.ActiveCfg = Debug|Any CPU
		{B4CE5C46-BFDD-4D14-AFD9-5859EE5D613F}.Debug|Any CPU.Build.0 = Debug|Any CPU
		{B4CE5C46-BFDD-4D14-AFD9-5859EE5D613F}.Release|Any CPU.ActiveCfg = Release|Any CPU
		{B4CE5C46-BFDD-4D14-AFD9-5859EE5D613F}.Release|Any CPU.Build.0 = Release|Any CPU
		{9AB1203E-A4C2-4B26-BF65-3A62C507E9C6}.Debug|Any CPU.ActiveCfg = Debug|Any CPU
		{9AB1203E-A4C2-4B26-BF65-3A62C507E9C6}.Debug|Any CPU.Build.0 = Debug|Any CPU
		{9AB1203E-A4C2-4B26-BF65-3A62C507E9C6}.Release|Any CPU.ActiveCfg = Release|Any CPU
		{9AB1203E-A4C2-4B26-BF65-3A62C507E9C6}.Release|Any CPU.Build.0 = Release|Any CPU
		{5752D210-4D24-4724-AE1A-FDD08CD9AC97}.Debug|Any CPU.ActiveCfg = Debug|Any CPU
		{5752D210-4D24-4724-AE1A-FDD08CD9AC97}.Debug|Any CPU.Build.0 = Debug|Any CPU
		{5752D210-4D24-4724-AE1A-FDD08CD9AC97}.Release|Any CPU.ActiveCfg = Release|Any CPU
		{5752D210-4D24-4724-AE1A-FDD08CD9AC97}.Release|Any CPU.Build.0 = Release|Any CPU
	EndGlobalSection
	GlobalSection(SolutionProperties) = preSolution
		HideSolutionNode = FALSE
	EndGlobalSection
	GlobalSection(ExtensibilityGlobals) = postSolution
		SolutionGuid = {1BAB25C6-8D53-4ABA-8E32-D155151F7104}
	EndGlobalSection
EndGlobal
