
Microsoft Visual Studio Solution File, Format Version 12.00
# Visual Studio 15
VisualStudioVersion = 15.0.27130.2027
MinimumVisualStudioVersion = 10.0.40219.1
Project("{FAE04EC0-301F-11D3-BF4B-00C04F79EFBC}") = "PrintDataFromDLL", "PrintDataFromDLL\PrintDataFromDLL.csproj", "{D3779D70-41B3-447E-8B0F-859EBFFE9762}"
EndProject
Project("{FAE04EC0-301F-11D3-BF4B-00C04F79EFBC}") = "ATMClasses", "ATMClasses\ATMClasses.csproj", "{448FD3A9-AE18-4204-93C5-E8C878D175C7}"
EndProject
Global
	GlobalSection(SolutionConfigurationPlatforms) = preSolution
		Debug|Any CPU = Debug|Any CPU
		Release|Any CPU = Release|Any CPU
	EndGlobalSection
	GlobalSection(ProjectConfigurationPlatforms) = postSolution
		{D3779D70-41B3-447E-8B0F-859EBFFE9762}.Debug|Any CPU.ActiveCfg = Debug|Any CPU
		{D3779D70-41B3-447E-8B0F-859EBFFE9762}.Debug|Any CPU.Build.0 = Debug|Any CPU
		{D3779D70-41B3-447E-8B0F-859EBFFE9762}.Release|Any CPU.ActiveCfg = Release|Any CPU
		{D3779D70-41B3-447E-8B0F-859EBFFE9762}.Release|Any CPU.Build.0 = Release|Any CPU
		{448FD3A9-AE18-4204-93C5-E8C878D175C7}.Debug|Any CPU.ActiveCfg = Debug|Any CPU
		{448FD3A9-AE18-4204-93C5-E8C878D175C7}.Debug|Any CPU.Build.0 = Debug|Any CPU
		{448FD3A9-AE18-4204-93C5-E8C878D175C7}.Release|Any CPU.ActiveCfg = Release|Any CPU
		{448FD3A9-AE18-4204-93C5-E8C878D175C7}.Release|Any CPU.Build.0 = Release|Any CPU
	EndGlobalSection
	GlobalSection(SolutionProperties) = preSolution
		HideSolutionNode = FALSE
	EndGlobalSection
	GlobalSection(ExtensibilityGlobals) = postSolution
		SolutionGuid = {1BAB25C6-8D53-4ABA-8E32-D155151F7104}
	EndGlobalSection
EndGlobal
